
Microsoft Visual Studio Solution File, Format Version 12.00
# Visual Studio Version 16
VisualStudioVersion = 16.0.30320.27
MinimumVisualStudioVersion = 10.0.40219.1
Project("{FAE04EC0-301F-11D3-BF4B-00C04F79EFBC}") = "IronPDFTest", "IronPDFTest\IronPDFTest.csproj", "{E03A4F70-1B50-4CA3-8C52-6848C15C60E3}"
EndProject
Global
	GlobalSection(SolutionConfigurationPlatforms) = preSolution
		Debug|Any CPU = Debug|Any CPU
		Release|Any CPU = Release|Any CPU
	EndGlobalSection
	GlobalSection(ProjectConfigurationPlatforms) = postSolution
		{E03A4F70-1B50-4CA3-8C52-6848C15C60E3}.Debug|Any CPU.ActiveCfg = Debug|Any CPU
		{E03A4F70-1B50-4CA3-8C52-6848C15C60E3}.Debug|Any CPU.Build.0 = Debug|Any CPU
		{E03A4F70-1B50-4CA3-8C52-6848C15C60E3}.Release|Any CPU.ActiveCfg = Release|Any CPU
		{E03A4F70-1B50-4CA3-8C52-6848C15C60E3}.Release|Any CPU.Build.0 = Release|Any CPU
	EndGlobalSection
	GlobalSection(SolutionProperties) = preSolution
		HideSolutionNode = FALSE
	EndGlobalSection
	GlobalSection(ExtensibilityGlobals) = postSolution
		SolutionGuid = {E7361A29-9C20-427F-AB9B-FC4ED22E2355}
	EndGlobalSection
EndGlobal
